
Microsoft Visual Studio Solution File, Format Version 12.00
# Visual Studio Version 17
VisualStudioVersion = 17.1.32407.343
MinimumVisualStudioVersion = 10.0.40219.1
Project("{FAE04EC0-301F-11D3-BF4B-00C04F79EFBC}") = "RestaurantUI", "Restaurant\RestaurantUI.csproj", "{9CC0DC92-879B-45A7-A1C8-BB145788AD2B}"
EndProject
Project("{FAE04EC0-301F-11D3-BF4B-00C04F79EFBC}") = "RestaurantBL", "RestaurantBL\RestaurantBL.csproj", "{64911A96-EE48-4084-824B-C516B945418E}"
EndProject
Project("{FAE04EC0-301F-11D3-BF4B-00C04F79EFBC}") = "RestaurantDL", "RestaurantDL\RestaurantDL.csproj", "{399BC026-484A-4D70-BC1B-D58F2FA8B312}"
EndProject
Project("{FAE04EC0-301F-11D3-BF4B-00C04F79EFBC}") = "RestaurantModel", "RestaurantModel\RestaurantModel.csproj", "{62606B5A-C11B-402E-8058-ABBB6FF45FC7}"
EndProject
Global
	GlobalSection(SolutionConfigurationPlatforms) = preSolution
		Debug|Any CPU = Debug|Any CPU
		Release|Any CPU = Release|Any CPU
	EndGlobalSection
	GlobalSection(ProjectConfigurationPlatforms) = postSolution
		{9CC0DC92-879B-45A7-A1C8-BB145788AD2B}.Debug|Any CPU.ActiveCfg = Debug|Any CPU
		{9CC0DC92-879B-45A7-A1C8-BB145788AD2B}.Debug|Any CPU.Build.0 = Debug|Any CPU
		{9CC0DC92-879B-45A7-A1C8-BB145788AD2B}.Release|Any CPU.ActiveCfg = Release|Any CPU
		{9CC0DC92-879B-45A7-A1C8-BB145788AD2B}.Release|Any CPU.Build.0 = Release|Any CPU
		{64911A96-EE48-4084-824B-C516B945418E}.Debug|Any CPU.ActiveCfg = Debug|Any CPU
		{64911A96-EE48-4084-824B-C516B945418E}.Debug|Any CPU.Build.0 = Debug|Any CPU
		{64911A96-EE48-4084-824B-C516B945418E}.Release|Any CPU.ActiveCfg = Release|Any CPU
		{64911A96-EE48-4084-824B-C516B945418E}.Release|Any CPU.Build.0 = Release|Any CPU
		{399BC026-484A-4D70-BC1B-D58F2FA8B312}.Debug|Any CPU.ActiveCfg = Debug|Any CPU
		{399BC026-484A-4D70-BC1B-D58F2FA8B312}.Debug|Any CPU.Build.0 = Debug|Any CPU
		{399BC026-484A-4D70-BC1B-D58F2FA8B312}.Release|Any CPU.ActiveCfg = Release|Any CPU
		{399BC026-484A-4D70-BC1B-D58F2FA8B312}.Release|Any CPU.Build.0 = Release|Any CPU
		{62606B5A-C11B-402E-8058-ABBB6FF45FC7}.Debug|Any CPU.ActiveCfg = Debug|Any CPU
		{62606B5A-C11B-402E-8058-ABBB6FF45FC7}.Debug|Any CPU.Build.0 = Debug|Any CPU
		{62606B5A-C11B-402E-8058-ABBB6FF45FC7}.Release|Any CPU.ActiveCfg = Release|Any CPU
		{62606B5A-C11B-402E-8058-ABBB6FF45FC7}.Release|Any CPU.Build.0 = Release|Any CPU
	EndGlobalSection
	GlobalSection(SolutionProperties) = preSolution
		HideSolutionNode = FALSE
	EndGlobalSection
	GlobalSection(ExtensibilityGlobals) = postSolution
		SolutionGuid = {8DC418E0-376B-41C0-9F05-EFE612605A2A}
	EndGlobalSection
EndGlobal
