
Microsoft Visual Studio Solution File, Format Version 12.00
# Visual Studio Version 17
VisualStudioVersion = 17.2.32519.379
MinimumVisualStudioVersion = 10.0.40219.1
Project("{FAE04EC0-301F-11D3-BF4B-00C04F79EFBC}") = "PokemonApi", "PokemonApi\PokemonApi.csproj", "{BDF209B8-B61F-4F08-ACCB-94BD2AEFCF81}"
EndProject
Project("{FAE04EC0-301F-11D3-BF4B-00C04F79EFBC}") = "PokemonModels", "PokemonModels\PokemonModels.csproj", "{BDEC74A1-EFCD-4B91-BF3D-F7FBB0B7DEFA}"
EndProject
Project("{FAE04EC0-301F-11D3-BF4B-00C04F79EFBC}") = "PokemonBL", "PokemonBL\PokemonBL.csproj", "{45397577-5062-45E5-95C4-0B9202447EE5}"
EndProject
Project("{FAE04EC0-301F-11D3-BF4B-00C04F79EFBC}") = "PokemonDL", "PokemonDL\PokemonDL.csproj", "{A9E1F882-78E8-491F-8D66-0AF5736FE09A}"
EndProject
Project("{FAE04EC0-301F-11D3-BF4B-00C04F79EFBC}") = "PokemonDL-DBFirst", "PokemonDL-DBFirst\PokemonDL-DBFirst.csproj", "{EF2EC529-6F5C-4295-B64A-E2AD7D6D2478}"
EndProject
Global
	GlobalSection(SolutionConfigurationPlatforms) = preSolution
		Debug|Any CPU = Debug|Any CPU
		Release|Any CPU = Release|Any CPU
	EndGlobalSection
	GlobalSection(ProjectConfigurationPlatforms) = postSolution
		{BDF209B8-B61F-4F08-ACCB-94BD2AEFCF81}.Debug|Any CPU.ActiveCfg = Debug|Any CPU
		{BDF209B8-B61F-4F08-ACCB-94BD2AEFCF81}.Debug|Any CPU.Build.0 = Debug|Any CPU
		{BDF209B8-B61F-4F08-ACCB-94BD2AEFCF81}.Release|Any CPU.ActiveCfg = Release|Any CPU
		{BDF209B8-B61F-4F08-ACCB-94BD2AEFCF81}.Release|Any CPU.Build.0 = Release|Any CPU
		{BDEC74A1-EFCD-4B91-BF3D-F7FBB0B7DEFA}.Debug|Any CPU.ActiveCfg = Debug|Any CPU
		{BDEC74A1-EFCD-4B91-BF3D-F7FBB0B7DEFA}.Debug|Any CPU.Build.0 = Debug|Any CPU
		{BDEC74A1-EFCD-4B91-BF3D-F7FBB0B7DEFA}.Release|Any CPU.ActiveCfg = Release|Any CPU
		{BDEC74A1-EFCD-4B91-BF3D-F7FBB0B7DEFA}.Release|Any CPU.Build.0 = Release|Any CPU
		{45397577-5062-45E5-95C4-0B9202447EE5}.Debug|Any CPU.ActiveCfg = Debug|Any CPU
		{45397577-5062-45E5-95C4-0B9202447EE5}.Debug|Any CPU.Build.0 = Debug|Any CPU
		{45397577-5062-45E5-95C4-0B9202447EE5}.Release|Any CPU.ActiveCfg = Release|Any CPU
		{45397577-5062-45E5-95C4-0B9202447EE5}.Release|Any CPU.Build.0 = Release|Any CPU
		{A9E1F882-78E8-491F-8D66-0AF5736FE09A}.Debug|Any CPU.ActiveCfg = Debug|Any CPU
		{A9E1F882-78E8-491F-8D66-0AF5736FE09A}.Debug|Any CPU.Build.0 = Debug|Any CPU
		{A9E1F882-78E8-491F-8D66-0AF5736FE09A}.Release|Any CPU.ActiveCfg = Release|Any CPU
		{A9E1F882-78E8-491F-8D66-0AF5736FE09A}.Release|Any CPU.Build.0 = Release|Any CPU
		{EF2EC529-6F5C-4295-B64A-E2AD7D6D2478}.Debug|Any CPU.ActiveCfg = Debug|Any CPU
		{EF2EC529-6F5C-4295-B64A-E2AD7D6D2478}.Debug|Any CPU.Build.0 = Debug|Any CPU
		{EF2EC529-6F5C-4295-B64A-E2AD7D6D2478}.Release|Any CPU.ActiveCfg = Release|Any CPU
		{EF2EC529-6F5C-4295-B64A-E2AD7D6D2478}.Release|Any CPU.Build.0 = Release|Any CPU
	EndGlobalSection
	GlobalSection(SolutionProperties) = preSolution
		HideSolutionNode = FALSE
	EndGlobalSection
	GlobalSection(ExtensibilityGlobals) = postSolution
		SolutionGuid = {E07633D3-2D92-4963-84BB-793A41EBF25C}
	EndGlobalSection
EndGlobal
