
Microsoft Visual Studio Solution File, Format Version 12.00
# Visual Studio Version 17
VisualStudioVersion = 17.2.32519.379
MinimumVisualStudioVersion = 10.0.40219.1
Project("{FAE04EC0-301F-11D3-BF4B-00C04F79EFBC}") = "TranslaGenix", "TranslaGenix\TranslaGenix.csproj", "{DB876104-9AD8-4ADF-88F6-5A647EE9B6C4}"
EndProject
Project("{FAE04EC0-301F-11D3-BF4B-00C04F79EFBC}") = "TranslaGenixAPI", "TranslaGenixAPI\TranslaGenixAPI.csproj", "{F6DB4AC7-4AB7-4667-B66F-3DD48D467890}"
EndProject
Global
	GlobalSection(SolutionConfigurationPlatforms) = preSolution
		Debug|Any CPU = Debug|Any CPU
		Release|Any CPU = Release|Any CPU
	EndGlobalSection
	GlobalSection(ProjectConfigurationPlatforms) = postSolution
		{DB876104-9AD8-4ADF-88F6-5A647EE9B6C4}.Debug|Any CPU.ActiveCfg = Debug|Any CPU
		{DB876104-9AD8-4ADF-88F6-5A647EE9B6C4}.Debug|Any CPU.Build.0 = Debug|Any CPU
		{DB876104-9AD8-4ADF-88F6-5A647EE9B6C4}.Release|Any CPU.ActiveCfg = Release|Any CPU
		{DB876104-9AD8-4ADF-88F6-5A647EE9B6C4}.Release|Any CPU.Build.0 = Release|Any CPU
		{F6DB4AC7-4AB7-4667-B66F-3DD48D467890}.Debug|Any CPU.ActiveCfg = Debug|Any CPU
		{F6DB4AC7-4AB7-4667-B66F-3DD48D467890}.Debug|Any CPU.Build.0 = Debug|Any CPU
		{F6DB4AC7-4AB7-4667-B66F-3DD48D467890}.Release|Any CPU.ActiveCfg = Release|Any CPU
		{F6DB4AC7-4AB7-4667-B66F-3DD48D467890}.Release|Any CPU.Build.0 = Release|Any CPU
	EndGlobalSection
	GlobalSection(SolutionProperties) = preSolution
		HideSolutionNode = FALSE
	EndGlobalSection
	GlobalSection(ExtensibilityGlobals) = postSolution
		SolutionGuid = {E4917C67-B293-4D5E-B716-D06E254538E5}
	EndGlobalSection
EndGlobal
